<Solution>
  <Configurations>
    <Platform Name="Any CPU" />
    <Platform Name="x64" />
    <Platform Name="x86" />
  </Configurations>
  <Folder Name="/benchmarks/">
    <Project Path="benchmarks/Memory/Memory.csproj" />
    <Project Path="benchmarks/Rendering/Rendering.csproj" />
  </Folder>
  <Folder Name="/demos/">
    <Project Path="demos/Rotate/Rotate.csproj" />
    <Project Path="demos/Clean/Clean.csproj" />
    <Project Path="demos/List/List.csproj" />
    <Project Path="demos/Wasm/Wasm.csproj" />
    <Project Path="demos/Website/Website.csproj" />
  </Folder>
  <Folder Name="/src/">
    <Project Path="src/HtmlString/HtmlString.csproj" />
    <Project Path="src/Keyholes/Keyholes.csproj" />
    <Project Path="src/Web4.Dom/Web4.Dom.csproj" />
    <Project Path="src/Web4.Sdk/Web4.Sdk.csproj" />
    <Project Path="src/Web4.WebAssembly/Web4.WebAssembly.csproj" />
    <Project Path="src/Web4.WebSocket/Web4.WebSocket.csproj" />
    <Project Path="src/Xtml/Xtml.csproj" />
  </Folder>
  <Folder Name="/tests/" />
</Solution>
