<Solution>
  <Configurations>
    <Platform Name="Any CPU" />
    <Platform Name="x64" />
    <Platform Name="x86" />
  </Configurations>
  <Folder Name="/benchmarks/">
    <Project Path="benchmarks/Memory/Memory.csproj" />
    <Project Path="benchmarks/Rendering/Rendering.csproj" />
  </Folder>
  <Folder Name="/demos/">
    <Project Path="demos/Rotate/Rotate.csproj" />
    <Project Path="demos/Clean/Clean.csproj" />
    <Project Path="demos/List/List.csproj" />
    <Project Path="demos/Wasm/Wasm.csproj" />
    <Project Path="demos/Website/Website.csproj" />
  </Folder>
  <Folder Name="/src/">
    <Project Path="src/Xtml.Dom/Xtml.Dom.csproj" />
    <Project Path="src/Xtml.Runtime/Xtml.Runtime.csproj" />
    <Project Path="src/Xtml.SourceGenerator/Xtml.SourceGenerator.csproj" />
    <Project Path="src/Xtml.Templating/Xtml.Templating.csproj" />
    <Project Path="src/Xtml.WebAssembly/Xtml.WebAssembly.csproj" />
    <Project Path="src/Xtml.WebSocket/Xtml.WebSocket.csproj" />
  </Folder>
  <Folder Name="/tests/" />
</Solution>
